{
  "version": "5",
  "specifiers": {
    "jsr:@std/assert@1": "1.0.19",
    "jsr:@std/internal@^1.0.12": "1.0.14",
    "jsr:@supabase/supabase-js@2": "2.117.2"
  },
  "jsr": {
    "@std/assert@1.0.19": {
      "integrity": "eaada96ee120cb980bc47e040f82814d786fe8162ecc53c91d8df60b8755991e",
      "dependencies": [
        "jsr:@std/internal"
      ]
    },
    "@std/internal@1.0.14": {
      "integrity": "291516b3d4c35024d6ffbc0a9df5bf4c64116e05b50012cf846710152d2ffdf7"
    },
    "@supabase/supabase-js@2.117.2": {
      "integrity": "25d69a2a93810fc5a396d40bc55b5a948ed0a44c5a7ed8e2da793c09240e77f1"
    }
  },
  "workspace": {
    "packageJson": {
      "dependencies": [
        "npm:@react-native-community/datetimepicker@9.1.0",
        "npm:@sentry/react-native@7.11",
        "npm:@supabase/supabase-js@^2.117.2",
        "npm:@testing-library/react-native@^14.0.1",
        "npm:@types/jest@29.5.14",
        "npm:@types/node@^22.20.5",
        "npm:@types/react@~19.2.2",
        "npm:eslint-config-expo@^57.0.2",
        "npm:eslint-config-prettier@^10.1.8",
        "npm:eslint@^9.39.5",
        "npm:expo-background-task@~57.0.21",
        "npm:expo-constants@~57.0.20",
        "npm:expo-crypto@~57.0.3",
        "npm:expo-dev-client@~57.0.19",
        "npm:expo-intent-launcher@~57.0.1",
        "npm:expo-linking@~57.0.11",
        "npm:expo-network@~57.0.2",
        "npm:expo-notifications@~57.0.21",
        "npm:expo-router@~57.0.24",
        "npm:expo-secure-store@~57.0.4",
        "npm:expo-splash-screen@~57.0.9",
        "npm:expo-sqlite@~57.0.3",
        "npm:expo-status-bar@~57.0.1",
        "npm:expo-task-manager@~57.0.21",
        "npm:expo@~57.0.26",
        "npm:jest-expo@~57.0.5",
        "npm:jest@29.7",
        "npm:prettier@^3.9.9",
        "npm:react-dom@19.2.3",
        "npm:react-native-safe-area-context@5.7",
        "npm:react-native-screens@4.26",
        "npm:react-native@0.86.3",
        "npm:react@19.2.3",
        "npm:supabase@^2.119.0",
        "npm:typescript@~6.0.3"
      ]
    }
  }
}
